
Microsoft Visual Studio Solution File, Format Version 12.00
# Visual Studio Version 16
VisualStudioVersion = 16.0.30413.136
MinimumVisualStudioVersion = 10.0.40219.1
Project("{FAE04EC0-301F-11D3-BF4B-00C04F79EFBC}") = "Uwp", "Uwp\Uwp.csproj", "{AAA21681-B1A8-4A4B-B704-5E9C699B732E}"
EndProject
Project("{FAE04EC0-301F-11D3-BF4B-00C04F79EFBC}") = "ClassLibrary", "ClassLibrary\ClassLibrary.csproj", "{5057B81C-4E9F-4289-A0C3-367F9485E3C9}"
EndProject
Global
	GlobalSection(SolutionConfigurationPlatforms) = preSolution
		Debug|Any CPU = Debug|Any CPU
		Debug|ARM = Debug|ARM
		Debug|ARM64 = Debug|ARM64
		Debug|x64 = Debug|x64
		Debug|x86 = Debug|x86
		Release|Any CPU = Release|Any CPU
		Release|ARM = Release|ARM
		Release|ARM64 = Release|ARM64
		Release|x64 = Release|x64
		Release|x86 = Release|x86
	EndGlobalSection
	GlobalSection(ProjectConfigurationPlatforms) = postSolution
		{AAA21681-B1A8-4A4B-B704-5E9C699B732E}.Debug|Any CPU.ActiveCfg = Debug|x86
		{AAA21681-B1A8-4A4B-B704-5E9C699B732E}.Debug|ARM.ActiveCfg = Debug|ARM
		{AAA21681-B1A8-4A4B-B704-5E9C699B732E}.Debug|ARM.Build.0 = Debug|ARM
		{AAA21681-B1A8-4A4B-B704-5E9C699B732E}.Debug|ARM.Deploy.0 = Debug|ARM
		{AAA21681-B1A8-4A4B-B704-5E9C699B732E}.Debug|ARM64.ActiveCfg = Debug|ARM64
		{AAA21681-B1A8-4A4B-B704-5E9C699B732E}.Debug|ARM64.Build.0 = Debug|ARM64
		{AAA21681-B1A8-4A4B-B704-5E9C699B732E}.Debug|ARM64.Deploy.0 = Debug|ARM64
		{AAA21681-B1A8-4A4B-B704-5E9C699B732E}.Debug|x64.ActiveCfg = Debug|x64
		{AAA21681-B1A8-4A4B-B704-5E9C699B732E}.Debug|x64.Build.0 = Debug|x64
		{AAA21681-B1A8-4A4B-B704-5E9C699B732E}.Debug|x64.Deploy.0 = Debug|x64
		{AAA21681-B1A8-4A4B-B704-5E9C699B732E}.Debug|x86.ActiveCfg = Debug|x86
		{AAA21681-B1A8-4A4B-B704-5E9C699B732E}.Debug|x86.Build.0 = Debug|x86
		{AAA21681-B1A8-4A4B-B704-5E9C699B732E}.Debug|x86.Deploy.0 = Debug|x86
		{AAA21681-B1A8-4A4B-B704-5E9C699B732E}.Release|Any CPU.ActiveCfg = Release|x86
		{AAA21681-B1A8-4A4B-B704-5E9C699B732E}.Release|ARM.ActiveCfg = Release|ARM
		{AAA21681-B1A8-4A4B-B704-5E9C699B732E}.Release|ARM.Build.0 = Release|ARM
		{AAA21681-B1A8-4A4B-B704-5E9C699B732E}.Release|ARM.Deploy.0 = Release|ARM
		{AAA21681-B1A8-4A4B-B704-5E9C699B732E}.Release|ARM64.ActiveCfg = Release|ARM64
		{AAA21681-B1A8-4A4B-B704-5E9C699B732E}.Release|ARM64.Build.0 = Release|ARM64
		{AAA21681-B1A8-4A4B-B704-5E9C699B732E}.Release|ARM64.Deploy.0 = Release|ARM64
		{AAA21681-B1A8-4A4B-B704-5E9C699B732E}.Release|x64.ActiveCfg = Release|x64
		{AAA21681-B1A8-4A4B-B704-5E9C699B732E}.Release|x64.Build.0 = Release|x64
		{AAA21681-B1A8-4A4B-B704-5E9C699B732E}.Release|x64.Deploy.0 = Release|x64
		{AAA21681-B1A8-4A4B-B704-5E9C699B732E}.Release|x86.ActiveCfg = Release|x86
		{AAA21681-B1A8-4A4B-B704-5E9C699B732E}.Release|x86.Build.0 = Release|x86
		{AAA21681-B1A8-4A4B-B704-5E9C699B732E}.Release|x86.Deploy.0 = Release|x86
		{5057B81C-4E9F-4289-A0C3-367F9485E3C9}.Debug|Any CPU.ActiveCfg = Debug|Any CPU
		{5057B81C-4E9F-4289-A0C3-367F9485E3C9}.Debug|Any CPU.Build.0 = Debug|Any CPU
		{5057B81C-4E9F-4289-A0C3-367F9485E3C9}.Debug|ARM.ActiveCfg = Debug|ARM
		{5057B81C-4E9F-4289-A0C3-367F9485E3C9}.Debug|ARM.Build.0 = Debug|ARM
		{5057B81C-4E9F-4289-A0C3-367F9485E3C9}.Debug|ARM64.ActiveCfg = Debug|ARM64
		{5057B81C-4E9F-4289-A0C3-367F9485E3C9}.Debug|ARM64.Build.0 = Debug|ARM64
		{5057B81C-4E9F-4289-A0C3-367F9485E3C9}.Debug|x64.ActiveCfg = Debug|x64
		{5057B81C-4E9F-4289-A0C3-367F9485E3C9}.Debug|x64.Build.0 = Debug|x64
		{5057B81C-4E9F-4289-A0C3-367F9485E3C9}.Debug|x86.ActiveCfg = Debug|x86
		{5057B81C-4E9F-4289-A0C3-367F9485E3C9}.Debug|x86.Build.0 = Debug|x86
		{5057B81C-4E9F-4289-A0C3-367F9485E3C9}.Release|Any CPU.ActiveCfg = Release|Any CPU
		{5057B81C-4E9F-4289-A0C3-367F9485E3C9}.Release|Any CPU.Build.0 = Release|Any CPU
		{5057B81C-4E9F-4289-A0C3-367F9485E3C9}.Release|ARM.ActiveCfg = Release|ARM
		{5057B81C-4E9F-4289-A0C3-367F9485E3C9}.Release|ARM.Build.0 = Release|ARM
		{5057B81C-4E9F-4289-A0C3-367F9485E3C9}.Release|ARM64.ActiveCfg = Release|ARM64
		{5057B81C-4E9F-4289-A0C3-367F9485E3C9}.Release|ARM64.Build.0 = Release|ARM64
		{5057B81C-4E9F-4289-A0C3-367F9485E3C9}.Release|x64.ActiveCfg = Release|x64
		{5057B81C-4E9F-4289-A0C3-367F9485E3C9}.Release|x64.Build.0 = Release|x64
		{5057B81C-4E9F-4289-A0C3-367F9485E3C9}.Release|x86.ActiveCfg = Release|x86
		{5057B81C-4E9F-4289-A0C3-367F9485E3C9}.Release|x86.Build.0 = Release|x86
	EndGlobalSection
	GlobalSection(SolutionProperties) = preSolution
		HideSolutionNode = FALSE
	EndGlobalSection
	GlobalSection(ExtensibilityGlobals) = postSolution
		SolutionGuid = {04DD6CD7-D2FF-493A-8462-7794CC628FDC}
	EndGlobalSection
EndGlobal
